PODS:
  - Alamofire (4.5.0)
  - AlamofireImage (3.2.0):
    - Alamofire (~> 4.1)
  - AlamofireNetworkActivityIndicator (2.2.0):
    - Alamofire (~> 4.5)
  - BABFrameObservingInputAccessoryView (0.2.4)
  - EZSwiftExtensions (1.9)
  - FSCalendar (2.7.8)
  - FXBlurView (1.6.4)
  - GoogleMaps (2.3.1):
    - GoogleMaps/Maps (= 2.3.1)
  - GoogleMaps/Base (2.3.1)
  - GoogleMaps/Maps (2.3.1):
    - GoogleMaps/Base
  - iOSSharedViewTransition (1.0.2)
  - IQKeyboardManagerSwift (4.0.10)
  - lf (0.7.0):
    - XCGLogger (~> 5.0.0)
  - MMDrawerController (0.6.0):
    - MMDrawerController/Core (= 0.6.0)
    - MMDrawerController/MMDrawerBarButtonItem (= 0.6.0)
    - MMDrawerController/MMDrawerVisualStates (= 0.6.0)
    - MMDrawerController/Subclass (= 0.6.0)
  - MMDrawerController/Core (0.6.0)
  - MMDrawerController/MMDrawerBarButtonItem (0.6.0):
    - MMDrawerController/Core
  - MMDrawerController/MMDrawerVisualStates (0.6.0):
    - MMDrawerController/Core
  - MMDrawerController/Subclass (0.6.0):
    - MMDrawerController/Core
  - ObjcExceptionBridging (1.0.1):
    - ObjcExceptionBridging/ObjcExceptionBridging (= 1.0.1)
  - ObjcExceptionBridging/ObjcExceptionBridging (1.0.1)
  - ObjectMapper (3.3.0)
  - ParallaxBlur (0.1.4):
    - FXBlurView (~> 1.6.2)
  - PocketSVG (2.2.1)
  - RxAlamofire (3.0.2):
    - RxAlamofire/Core (= 3.0.2)
  - RxAlamofire/Core (3.0.2):
    - Alamofire (~> 4.0)
    - RxSwift (~> 3.0)
  - RxBlocking (3.5.0):
    - RxSwift (~> 3.4)
  - RxCocoa (3.5.0):
    - RxSwift (~> 3.4)
  - RxSwift (3.5.0)
  - SimplifiedNotificationCenter (1.1.4)
  - SMCalloutView (2.1.5)
  - UIColor_Hex_Swift (3.0.2)
  - UIScrollView-InfiniteScroll (1.0.1)
  - Validator (2.1.1)
  - XCGLogger (5.0.1):
    - XCGLogger/Core (= 5.0.1)
  - XCGLogger/Core (5.0.1):
    - ObjcExceptionBridging

DEPENDENCIES:
  - Alamofire
  - AlamofireImage
  - AlamofireNetworkActivityIndicator
  - BABFrameObservingInputAccessoryView
  - EZSwiftExtensions
  - FSCalendar
  - GoogleMaps
  - iOSSharedViewTransition
  - IQKeyboardManagerSwift
  - lf
  - MMDrawerController
  - ObjectMapper
  - ParallaxBlur
  - PocketSVG
  - RxAlamofire
  - RxBlocking
  - RxCocoa
  - RxSwift
  - SimplifiedNotificationCenter
  - SMCalloutView
  - UIColor_Hex_Swift
  - UIScrollView-InfiniteScroll
  - Validator

SPEC REPOS:
  https://github.com/cocoapods/specs.git:
    - Alamofire
    - AlamofireImage
    - AlamofireNetworkActivityIndicator
    - BABFrameObservingInputAccessoryView
    - EZSwiftExtensions
    - FSCalendar
    - FXBlurView
    - GoogleMaps
    - iOSSharedViewTransition
    - IQKeyboardManagerSwift
    - lf
    - MMDrawerController
    - ObjcExceptionBridging
    - ObjectMapper
    - ParallaxBlur
    - PocketSVG
    - RxAlamofire
    - RxBlocking
    - RxCocoa
    - RxSwift
    - SimplifiedNotificationCenter
    - SMCalloutView
    - UIColor_Hex_Swift
    - UIScrollView-InfiniteScroll
    - Validator
    - XCGLogger

SPEC CHECKSUMS:
  Alamofire: f28cdffd29de33a7bfa022cbd63ae95a27fae140
  AlamofireImage: 157ed682cc81d3b9db4fb90c1f12180ac552d93b
  AlamofireNetworkActivityIndicator: 81e1630e7cfed22a4e4e82a174c59e651dc4f8ca
  BABFrameObservingInputAccessoryView: 0f5fa4d3bcd5dd7110c5e2c182b8b678c847cae6
  EZSwiftExtensions: ce22bf6fc5c6e7c883fec413300b006e123735d0
  FSCalendar: 09369a2bf554ba71cd8e8cfb627e2df22a2c2af4
  FXBlurView: db786c2561cb49a09ae98407f52460096ab8a44f
  GoogleMaps: c66a71058b9b1294bcdd5463a68e357fa50c079f
  iOSSharedViewTransition: d4bdb3662b51d780b7a0646da8ff2158dbb2e43c
  IQKeyboardManagerSwift: 75ba21a23794a1e6b6fe6d9a267ea17f80e06771
  lf: 400a6495242d9df0dbcd6e063151ac8f09084b55
  MMDrawerController: e3a54a5570388463ad3b36975251575b50c4e1a0
  ObjcExceptionBridging: c30e00eb3700467e695faeea30e26e18bd445001
  ObjectMapper: b612bf8c8e99c4dc0bb6013a51f7c27966ed5da9
  ParallaxBlur: 352a49c2319b41f3b334456815089afb1220b799
  PocketSVG: 51c4d5cb9ae7623d4494f439f69747394bad5d67
  RxAlamofire: bc53604b29fd2d220cfaa490c736cc4500819f34
  RxBlocking: 471315e18b87c5ed4b9d0c69a57dfdbca5c01af1
  RxCocoa: a0a09f45d0e5b48ecb6a4a7b4b4c89c88d3f633f
  RxSwift: 18ee9d78b45edb3b0b7e79916b47a116e6dbc842
  SimplifiedNotificationCenter: be1b02ed13cc16793e800ac4e72c0255cc6e6598
  SMCalloutView: 5c0ee363dc8e7204b2fda17dfad38c93e9e23481
  UIColor_Hex_Swift: 95f718452092a3efc8a827dffd2c04d3237be02d
  UIScrollView-InfiniteScroll: a90df4ba4a7ca1926128ade34a850ddbdf74c564
  Validator: b1793fbfd0046097551d0edd18e2c30792d69ef5
  XCGLogger: 0b43697155d41e4a1b15fc776f319c2141646b09

PODFILE CHECKSUM: c365b5c7ab51aa71fe675714b17b7b05c13fa515

COCOAPODS: 1.5.3
