PODS:
  - Alamofire (4.8.0)
  - AlamofireImage (3.5.0):
    - Alamofire (~> 4.8)
  - AlamofireNetworkActivityIndicator (2.3.0):
    - Alamofire (~> 4.7)
  - BABFrameObservingInputAccessoryView (0.2.4)
  - EZSwiftExtensions (2.0)
  - FSCalendar (2.8.0)
  - GoogleMaps (2.7.0):
    - GoogleMaps/Maps (= 2.7.0)
  - GoogleMaps/Base (2.7.0)
  - GoogleMaps/Maps (2.7.0):
    - GoogleMaps/Base
  - HaishinKit (0.10.4):
    - Logboard (~> 2.0.0)
  - iOSSharedViewTransition (1.0.2)
  - IQKeyboardManagerSwift (6.2.0)
  - Logboard (2.0.0)
  - MMDrawerController (0.6.0):
    - MMDrawerController/Core (= 0.6.0)
    - MMDrawerController/MMDrawerBarButtonItem (= 0.6.0)
    - MMDrawerController/MMDrawerVisualStates (= 0.6.0)
    - MMDrawerController/Subclass (= 0.6.0)
  - MMDrawerController/Core (0.6.0)
  - MMDrawerController/MMDrawerBarButtonItem (0.6.0):
    - MMDrawerController/Core
  - MMDrawerController/MMDrawerVisualStates (0.6.0):
    - MMDrawerController/Core
  - MMDrawerController/Subclass (0.6.0):
    - MMDrawerController/Core
  - ObjectMapper (3.4.2)
  - PocketSVG (2.4.2)
  - RxAlamofire (4.3.0):
    - RxAlamofire/Core (= 4.3.0)
  - RxAlamofire/Core (4.3.0):
    - Alamofire (~> 4.5)
    - RxSwift (~> 4)
  - RxAtomic (4.4.0)
  - RxBlocking (4.4.0):
    - RxAtomic (~> 4.4)
    - RxSwift (~> 4.0)
  - RxCocoa (4.4.0):
    - RxSwift (~> 4.0)
  - RxSwift (4.4.0):
    - RxAtomic (~> 4.4)
  - SimplifiedNotificationCenter (1.1.5)
  - SMCalloutView (2.1.5)
  - SVProgressHUD (2.2.5)
  - SWRevealViewController (2.3.0)
  - UIColor_Hex_Swift (4.2.0)
  - UIScrollView-InfiniteScroll (1.1.0)

DEPENDENCIES:
  - Alamofire
  - AlamofireImage
  - AlamofireNetworkActivityIndicator
  - BABFrameObservingInputAccessoryView
  - EZSwiftExtensions (from `https:///github.com/goktugyil/EZSwiftExtensions.git`, branch `swift4.2official`)
  - FSCalendar
  - GoogleMaps
  - HaishinKit
  - iOSSharedViewTransition
  - IQKeyboardManagerSwift
  - MMDrawerController
  - ObjectMapper
  - PocketSVG
  - RxAlamofire
  - RxBlocking
  - RxCocoa
  - RxSwift
  - SimplifiedNotificationCenter
  - SMCalloutView
  - SVProgressHUD
  - SWRevealViewController
  - UIColor_Hex_Swift
  - UIScrollView-InfiniteScroll

SPEC REPOS:
  https://github.com/cocoapods/specs.git:
    - Alamofire
    - AlamofireImage
    - AlamofireNetworkActivityIndicator
    - BABFrameObservingInputAccessoryView
    - FSCalendar
    - GoogleMaps
    - HaishinKit
    - iOSSharedViewTransition
    - IQKeyboardManagerSwift
    - Logboard
    - MMDrawerController
    - ObjectMapper
    - PocketSVG
    - RxAlamofire
    - RxAtomic
    - RxBlocking
    - RxCocoa
    - RxSwift
    - SimplifiedNotificationCenter
    - SMCalloutView
    - SVProgressHUD
    - SWRevealViewController
    - UIColor_Hex_Swift
    - UIScrollView-InfiniteScroll

EXTERNAL SOURCES:
  EZSwiftExtensions:
    :branch: swift4.2official
    :git: https:///github.com/goktugyil/EZSwiftExtensions.git

CHECKOUT OPTIONS:
  EZSwiftExtensions:
    :commit: 3de0922f37cb7697d8d6312b272a67e18e4d5fb0
    :git: https:///github.com/goktugyil/EZSwiftExtensions.git

SPEC CHECKSUMS:
  Alamofire: 3ec537f71edc9804815215393ae2b1a8ea33a844
  AlamofireImage: 1aea346f4dda2f6c67622fa5a89fcbb80d79cc16
  AlamofireNetworkActivityIndicator: 18346ff6d770d9513d0ac6f2d99706f40f93dbaa
  BABFrameObservingInputAccessoryView: 0f5fa4d3bcd5dd7110c5e2c182b8b678c847cae6
  EZSwiftExtensions: f73648a591e529a1dbd83c22b19fd3e57df6fb7d
  FSCalendar: 3a5ed3636e2ba1b83ebebfcf0c2603105a6f5efe
  GoogleMaps: f79af95cb24d869457b1f961c93d3ce8b2f3b848
  HaishinKit: 691e929f02389b40b879d3d1579dd6c496632995
  iOSSharedViewTransition: d4bdb3662b51d780b7a0646da8ff2158dbb2e43c
  IQKeyboardManagerSwift: b07ccf9d8cafe993dcd6cb794eb4ba34611a0c4e
  Logboard: 9e3dce26a4be2dbff7edf02d54b17ed5bd49217e
  MMDrawerController: e3a54a5570388463ad3b36975251575b50c4e1a0
  ObjectMapper: 0d4402610f4e468903ae64629eec4784531e5c51
  PocketSVG: c30139829206a43df2ec203880e3970531facba7
  RxAlamofire: 09624d0f2d48ed8b686e4eb4cf68e28cbd2df556
  RxAtomic: eacf60db868c96bfd63320e28619fe29c179656f
  RxBlocking: 138ad53217434444d6eeeb4fb406a45431d92e31
  RxCocoa: df63ebf7b9a70d6b4eeea407ed5dd4efc8979749
  RxSwift: 5976ecd04fc2fefd648827c23de5e11157faa973
  SimplifiedNotificationCenter: b27c0078385292abf4b09c52ddc1707ecc692756
  SMCalloutView: 5c0ee363dc8e7204b2fda17dfad38c93e9e23481
  SVProgressHUD: 1428aafac632c1f86f62aa4243ec12008d7a51d6
  SWRevealViewController: 6d3fd97f70112fd7cef9de14df4260eacce4c63a
  UIColor_Hex_Swift: bc07fc197421ee896b9ed6dcfa2054b7fbf75145
  UIScrollView-InfiniteScroll: 3ef456bcbe759c19f510a383cff96e6647c98c98

PODFILE CHECKSUM: 4c4dddc7716ba3873e6e8f40e37c36d5e7e8c953

COCOAPODS: 1.6.0.beta.1
